PODS:
  - Aquaman (0.1.2)
  - BadgeSwift (8.0.0)
  - SnapKit (4.2.0)

DEPENDENCIES:
  - Aquaman
  - BadgeSwift
  - SnapKit (= 4.2.0)

SPEC REPOS:
  trunk:
    - Aquaman
    - BadgeSwift
    - SnapKit

SPEC CHECKSUMS:
  Aquaman: a9f48d6b1c3049f3e511779a77a570bf541a2470
  BadgeSwift: a81547ffde1f462bb5fc02e3fa3fdcbc1b888354
  SnapKit: fe8a619752f3f27075cc9a90244d75c6c3f27e2a

PODFILE CHECKSUM: 9172d252fcd9a005d3965f41162a631b7b8b94b6

COCOAPODS: 1.10.0
